
Microsoft Visual Studio Solution File, Format Version 12.00
# Visual Studio Version 17
VisualStudioVersion = 17.5.33530.505
MinimumVisualStudioVersion = 10.0.40219.1
Project("{FAE04EC0-301F-11D3-BF4B-00C04F79EFBC}") = "ByteBuffer", "ByteBuffer\ByteBuffer.csproj", "{2DB8BAEA-337E-40B0-A24B-0CFE8EE670E6}"
EndProject
Project("{FAE04EC0-301F-11D3-BF4B-00C04F79EFBC}") = "UnityServer", "Program2\UnityServer.csproj", "{8476841D-CD57-4386-9A7F-4BD04BCAB59C}"
EndProject
Global
	GlobalSection(SolutionConfigurationPlatforms) = preSolution
		Debug|Any CPU = Debug|Any CPU
		Release|Any CPU = Release|Any CPU
	EndGlobalSection
	GlobalSection(ProjectConfigurationPlatforms) = postSolution
		{2DB8BAEA-337E-40B0-A24B-0CFE8EE670E6}.Debug|Any CPU.ActiveCfg = Debug|Any CPU
		{2DB8BAEA-337E-40B0-A24B-0CFE8EE670E6}.Debug|Any CPU.Build.0 = Debug|Any CPU
		{2DB8BAEA-337E-40B0-A24B-0CFE8EE670E6}.Release|Any CPU.ActiveCfg = Release|Any CPU
		{2DB8BAEA-337E-40B0-A24B-0CFE8EE670E6}.Release|Any CPU.Build.0 = Release|Any CPU
		{8476841D-CD57-4386-9A7F-4BD04BCAB59C}.Debug|Any CPU.ActiveCfg = Debug|Any CPU
		{8476841D-CD57-4386-9A7F-4BD04BCAB59C}.Debug|Any CPU.Build.0 = Debug|Any CPU
		{8476841D-CD57-4386-9A7F-4BD04BCAB59C}.Release|Any CPU.ActiveCfg = Release|Any CPU
		{8476841D-CD57-4386-9A7F-4BD04BCAB59C}.Release|Any CPU.Build.0 = Release|Any CPU
	EndGlobalSection
	GlobalSection(SolutionProperties) = preSolution
		HideSolutionNode = FALSE
	EndGlobalSection
	GlobalSection(ExtensibilityGlobals) = postSolution
		SolutionGuid = {55545FD3-3879-45F3-8994-E981CB51464B}
	EndGlobalSection
EndGlobal
