
Microsoft Visual Studio Solution File, Format Version 12.00
# Visual Studio Version 17
VisualStudioVersion = 17.5.33530.505
MinimumVisualStudioVersion = 10.0.40219.1
Project("{FAE04EC0-301F-11D3-BF4B-00C04F79EFBC}") = "Program.cs", "Program.cs\Program.cs.csproj", "{01F0A4E2-9008-4487-9B5F-114726F17896}"
EndProject
Global
	GlobalSection(SolutionConfigurationPlatforms) = preSolution
		Debug|Any CPU = Debug|Any CPU
		Release|Any CPU = Release|Any CPU
	EndGlobalSection
	GlobalSection(ProjectConfigurationPlatforms) = postSolution
		{01F0A4E2-9008-4487-9B5F-114726F17896}.Debug|Any CPU.ActiveCfg = Debug|Any CPU
		{01F0A4E2-9008-4487-9B5F-114726F17896}.Debug|Any CPU.Build.0 = Debug|Any CPU
		{01F0A4E2-9008-4487-9B5F-114726F17896}.Release|Any CPU.ActiveCfg = Release|Any CPU
		{01F0A4E2-9008-4487-9B5F-114726F17896}.Release|Any CPU.Build.0 = Release|Any CPU
	EndGlobalSection
	GlobalSection(SolutionProperties) = preSolution
		HideSolutionNode = FALSE
	EndGlobalSection
	GlobalSection(ExtensibilityGlobals) = postSolution
		SolutionGuid = {EB2CF26F-D707-4B4E-9CEC-72D287D98C7C}
	EndGlobalSection
EndGlobal
